
Microsoft Visual Studio Solution File, Format Version 11.00
# Visual Studio 2010
# SharpDevelop 5.1
Project("{FAE04EC0-301F-11D3-BF4B-00C04F79EFBC}") = "motoHat", "motoHat.csproj", "{2E9A6ADC-1D6B-4C26-8EF9-520D982262A6}"
EndProject
Global
	GlobalSection(SolutionConfigurationPlatforms) = preSolution
		Debug|Any CPU = Debug|Any CPU
		Release|Any CPU = Release|Any CPU
	EndGlobalSection
	GlobalSection(ProjectConfigurationPlatforms) = postSolution
		{2E9A6ADC-1D6B-4C26-8EF9-520D982262A6}.Debug|Any CPU.ActiveCfg = Debug|Any CPU
		{2E9A6ADC-1D6B-4C26-8EF9-520D982262A6}.Debug|Any CPU.Build.0 = Debug|Any CPU
		{2E9A6ADC-1D6B-4C26-8EF9-520D982262A6}.Release|Any CPU.ActiveCfg = Release|Any CPU
		{2E9A6ADC-1D6B-4C26-8EF9-520D982262A6}.Release|Any CPU.Build.0 = Release|Any CPU
	EndGlobalSection
EndGlobal
